lockfileVersion: '9.0'

settings:
  autoInstallPeers: true
  excludeLinksFromLockfile: false

importers:

  .:
    dependencies:
      crypto-js:
        specifier: ^4.2.0
        version: 4.2.0
      sm-crypto:
        specifier: ^0.3.13
        version: 0.3.13

packages:

  crypto-js@4.2.0:
    resolution: {integrity: sha512-KALDyEYgpY+Rlob/iriUtjV6d5Eq+Y191A5g4UqLAi8CyGP9N1+FdVbkc1SxKc2r4YAYqG8JzO2KGL+AizD70Q==}

  jsbn@1.1.0:
    resolution: {integrity: sha512-4bYVV3aAMtDTTu4+xsDYa6sy9GyJ69/amsu9sYF2zqjiEoZA5xJi3BrfX3uY+/IekIu7MwdObdbDWpoZdBv3/A==}

  sm-crypto@0.3.13:
    resolution: {integrity: sha512-ztNF+pZq6viCPMA1A6KKu3bgpkmYti5avykRHbcFIdSipFdkVmfUw2CnpM2kBJyppIalqvczLNM3wR8OQ0pT5w==}

snapshots:

  crypto-js@4.2.0: {}

  jsbn@1.1.0: {}

  sm-crypto@0.3.13:
    dependencies:
      jsbn: 1.1.0
